
Microsoft Visual Studio Solution File, Format Version 12.00
# Visual Studio Version 17
VisualStudioVersion = 17.1.32421.90
MinimumVisualStudioVersion = 10.0.40219.1
Project("{FAE04EC0-301F-11D3-BF4B-00C04F79EFBC}") = "Banking", "Banking\Banking.csproj", "{843FF91A-4AE5-4421-BD55-E2C48B18EA3C}"
EndProject
Global
	GlobalSection(SolutionConfigurationPlatforms) = preSolution
		Debug|Any CPU = Debug|Any CPU
		Release|Any CPU = Release|Any CPU
	EndGlobalSection
	GlobalSection(ProjectConfigurationPlatforms) = postSolution
		{843FF91A-4AE5-4421-BD55-E2C48B18EA3C}.Debug|Any CPU.ActiveCfg = Debug|Any CPU
		{843FF91A-4AE5-4421-BD55-E2C48B18EA3C}.Debug|Any CPU.Build.0 = Debug|Any CPU
		{843FF91A-4AE5-4421-BD55-E2C48B18EA3C}.Release|Any CPU.ActiveCfg = Release|Any CPU
		{843FF91A-4AE5-4421-BD55-E2C48B18EA3C}.Release|Any CPU.Build.0 = Release|Any CPU
	EndGlobalSection
	GlobalSection(SolutionProperties) = preSolution
		HideSolutionNode = FALSE
	EndGlobalSection
	GlobalSection(ExtensibilityGlobals) = postSolution
		SolutionGuid = {2F548E0A-685A-4C86-A200-CB6D670ADF95}
	EndGlobalSection
EndGlobal
